
Microsoft Visual Studio Solution File, Format Version 12.00
# Visual Studio Version 17
VisualStudioVersion = 17.14.36221.1
MinimumVisualStudioVersion = 10.0.40219.1
Project("{FAE04EC0-301F-11D3-BF4B-00C04F79EFBC}") = "VController", "VController\VController.csproj", "{C43FF825-4A2A-42E3-BDC1-9245AAD14066}"
EndProject
Project("{54435603-DBB4-11D2-8724-00A0C9A8B90C}") = "VControllerSetup", "VControllerSetup\VControllerSetup.vdproj", "{D174E130-701E-5E23-AF10-45F1E0D8F360}"
EndProject
Global
	GlobalSection(SolutionConfigurationPlatforms) = preSolution
		Debug|Any CPU = Debug|Any CPU
		Release|Any CPU = Release|Any CPU
	EndGlobalSection
	GlobalSection(ProjectConfigurationPlatforms) = postSolution
		{C43FF825-4A2A-42E3-BDC1-9245AAD14066}.Debug|Any CPU.ActiveCfg = Debug|Any CPU
		{C43FF825-4A2A-42E3-BDC1-9245AAD14066}.Debug|Any CPU.Build.0 = Debug|Any CPU
		{C43FF825-4A2A-42E3-BDC1-9245AAD14066}.Release|Any CPU.ActiveCfg = Release|Any CPU
		{C43FF825-4A2A-42E3-BDC1-9245AAD14066}.Release|Any CPU.Build.0 = Release|Any CPU
		{D174E130-701E-5E23-AF10-45F1E0D8F360}.Debug|Any CPU.ActiveCfg = Debug
		{D174E130-701E-5E23-AF10-45F1E0D8F360}.Release|Any CPU.ActiveCfg = Release
	EndGlobalSection
	GlobalSection(SolutionProperties) = preSolution
		HideSolutionNode = FALSE
	EndGlobalSection
	GlobalSection(ExtensibilityGlobals) = postSolution
		SolutionGuid = {2433246C-4927-4C90-B547-DA9C1E8A8D71}
	EndGlobalSection
EndGlobal
